// !$*UTF8*$!
{
	archiveVersion = 1;
	classes = {
	};
	objectVersion = 46;
	objects = {

/* Begin PBXBuildFile section */
		450CA1E1243593ED008D5D3B /* libGDTMobSDK.a in Frameworks */ = {isa = PBXBuildFile; fileRef = 450CA1DD243593ED008D5D3B /* libGDTMobSDK.a */; };
		45A730271F4EBA610017BAC3 /* RNAdPoly.m in Sources */ = {isa = PBXBuildFile; fileRef = 45A730261F4EBA610017BAC3 /* RNAdPoly.m */; };
		45A730281F4EBA610017BAC3 /* RNAdPoly.h in CopyFiles */ = {isa = PBXBuildFile; fileRef = 45A730251F4EBA610017BAC3 /* RNAdPoly.h */; };
/* End PBXBuildFile section */

/* Begin PBXCopyFilesBuildPhase section */
		45A730201F4EBA610017BAC3 /* CopyFiles */ = {
			isa = PBXCopyFilesBuildPhase;
			buildActionMask = 2147483647;
			dstPath = "include/$(PRODUCT_NAME)";
			dstSubfolderSpec = 16;
			files = (
				45A730281F4EBA610017BAC3 /* RNAdPoly.h in CopyFiles */,
			);
			runOnlyForDeploymentPostprocessing = 0;
		};
/* End PBXCopyFilesBuildPhase section */

/* Begin PBXFileReference section */
		450CA1CB243593ED008D5D3B /* GDTRewardVideoAdNetworkAdapterProtocol.h */ = {isa = PBXFileReference; fileEncoding = 4; lastKnownFileType = sourcecode.c.h; path = GDTRewardVideoAdNetworkAdapterProtocol.h; sourceTree = "<group>"; };
		450CA1CC243593ED008D5D3B /* GDTNativeExpressAdView.h */ = {isa = PBXFileReference; fileEncoding = 4; lastKnownFileType = sourcecode.c.h; path = GDTNativeExpressAdView.h; sourceTree = "<group>"; };
		450CA1CD243593ED008D5D3B /* GDTMobBannerView.h */ = {isa = PBXFileReference; fileEncoding = 4; lastKnownFileType = sourcecode.c.h; path = GDTMobBannerView.h; sourceTree = "<group>"; };
		450CA1CE243593ED008D5D3B /* GDTUnifiedBannerView.h */ = {isa = PBXFileReference; fileEncoding = 4; lastKnownFileType = sourcecode.c.h; path = GDTUnifiedBannerView.h; sourceTree = "<group>"; };
		450CA1CF243593ED008D5D3B /* GDTNativeAd.h */ = {isa = PBXFileReference; fileEncoding = 4; lastKnownFileType = sourcecode.c.h; path = GDTNativeAd.h; sourceTree = "<group>"; };
		450CA1D0243593ED008D5D3B /* GDTSDKConfig.h */ = {isa = PBXFileReference; fileEncoding = 4; lastKnownFileType = sourcecode.c.h; path = GDTSDKConfig.h; sourceTree = "<group>"; };
		450CA1D1243593ED008D5D3B /* GDTBaseAdNetworkAdapterProtocol.h */ = {isa = PBXFileReference; fileEncoding = 4; lastKnownFileType = sourcecode.c.h; path = GDTBaseAdNetworkAdapterProtocol.h; sourceTree = "<group>"; };
		450CA1D2243593ED008D5D3B /* GDTMobInterstitial.h */ = {isa = PBXFileReference; fileEncoding = 4; lastKnownFileType = sourcecode.c.h; path = GDTMobInterstitial.h; sourceTree = "<group>"; };
		450CA1D3243593ED008D5D3B /* GDTRewardVideoAd.h */ = {isa = PBXFileReference; fileEncoding = 4; lastKnownFileType = sourcecode.c.h; path = GDTRewardVideoAd.h; sourceTree = "<group>"; };
		450CA1D4243593ED008D5D3B /* GDTSplashAd.h */ = {isa = PBXFileReference; fileEncoding = 4; lastKnownFileType = sourcecode.c.h; path = GDTSplashAd.h; sourceTree = "<group>"; };
		450CA1D5243593ED008D5D3B /* GDTNativeExpressAd.h */ = {isa = PBXFileReference; fileEncoding = 4; lastKnownFileType = sourcecode.c.h; path = GDTNativeExpressAd.h; sourceTree = "<group>"; };
		450CA1D6243593ED008D5D3B /* GDTLogoView.h */ = {isa = PBXFileReference; fileEncoding = 4; lastKnownFileType = sourcecode.c.h; path = GDTLogoView.h; sourceTree = "<group>"; };
		450CA1D7243593ED008D5D3B /* GDTMediaView.h */ = {isa = PBXFileReference; fileEncoding = 4; lastKnownFileType = sourcecode.c.h; path = GDTMediaView.h; sourceTree = "<group>"; };
		450CA1D8243593ED008D5D3B /* GDTUnifiedNativeAdView.h */ = {isa = PBXFileReference; fileEncoding = 4; lastKnownFileType = sourcecode.c.h; path = GDTUnifiedNativeAdView.h; sourceTree = "<group>"; };
		450CA1D9243593ED008D5D3B /* GDTHybridAd.h */ = {isa = PBXFileReference; fileEncoding = 4; lastKnownFileType = sourcecode.c.h; path = GDTHybridAd.h; sourceTree = "<group>"; };
		450CA1DA243593ED008D5D3B /* GDTUnifiedNativeAdDataObject.h */ = {isa = PBXFileReference; fileEncoding = 4; lastKnownFileType = sourcecode.c.h; path = GDTUnifiedNativeAdDataObject.h; sourceTree = "<group>"; };
		450CA1DB243593ED008D5D3B /* GDTSDKDefines.h */ = {isa = PBXFileReference; fileEncoding = 4; lastKnownFileType = sourcecode.c.h; path = GDTSDKDefines.h; sourceTree = "<group>"; };
		450CA1DC243593ED008D5D3B /* GDTUnifiedInterstitialAd.h */ = {isa = PBXFileReference; fileEncoding = 4; lastKnownFileType = sourcecode.c.h; path = GDTUnifiedInterstitialAd.h; sourceTree = "<group>"; };
		450CA1DD243593ED008D5D3B /* libGDTMobSDK.a */ = {isa = PBXFileReference; lastKnownFileType = archive.ar; path = libGDTMobSDK.a; sourceTree = "<group>"; };
		450CA1DE243593ED008D5D3B /* GDTRewardVideoAdNetworkConnectorProtocol.h */ = {isa = PBXFileReference; fileEncoding = 4; lastKnownFileType = sourcecode.c.h; path = GDTRewardVideoAdNetworkConnectorProtocol.h; sourceTree = "<group>"; };
		450CA1DF243593ED008D5D3B /* GDTUnifiedNativeAd.h */ = {isa = PBXFileReference; fileEncoding = 4; lastKnownFileType = sourcecode.c.h; path = GDTUnifiedNativeAd.h; sourceTree = "<group>"; };
		450CA1E0243593ED008D5D3B /* GDTVideoConfig.h */ = {isa = PBXFileReference; fileEncoding = 4; lastKnownFileType = sourcecode.c.h; path = GDTVideoConfig.h; sourceTree = "<group>"; };
		45A730221F4EBA610017BAC3 /* libRNAdPoly.a */ = {isa = PBXFileReference; explicitFileType = archive.ar; includeInIndex = 0; path = libRNAdPoly.a; sourceTree = BUILT_PRODUCTS_DIR; };
		45A730251F4EBA610017BAC3 /* RNAdPoly.h */ = {isa = PBXFileReference; lastKnownFileType = sourcecode.c.h; path = RNAdPoly.h; sourceTree = "<group>"; };
		45A730261F4EBA610017BAC3 /* RNAdPoly.m */ = {isa = PBXFileReference; lastKnownFileType = sourcecode.c.objc; path = RNAdPoly.m; sourceTree = "<group>"; };
/* End PBXFileReference section */

/* Begin PBXFrameworksBuildPhase section */
		45A7301F1F4EBA610017BAC3 /* Frameworks */ = {
			isa = PBXFrameworksBuildPhase;
			buildActionMask = 2147483647;
			files = (
				450CA1E1243593ED008D5D3B /* libGDTMobSDK.a in Frameworks */,
			);
			runOnlyForDeploymentPostprocessing = 0;
		};
/* End PBXFrameworksBuildPhase section */

/* Begin PBXGroup section */
		450CA1CA243593ED008D5D3B /* GDT_iOS_SDK_4.11.6 */ = {
			isa = PBXGroup;
			children = (
				450CA1CB243593ED008D5D3B /* GDTRewardVideoAdNetworkAdapterProtocol.h */,
				450CA1CC243593ED008D5D3B /* GDTNativeExpressAdView.h */,
				450CA1CD243593ED008D5D3B /* GDTMobBannerView.h */,
				450CA1CE243593ED008D5D3B /* GDTUnifiedBannerView.h */,
				450CA1CF243593ED008D5D3B /* GDTNativeAd.h */,
				450CA1D0243593ED008D5D3B /* GDTSDKConfig.h */,
				450CA1D1243593ED008D5D3B /* GDTBaseAdNetworkAdapterProtocol.h */,
				450CA1D2243593ED008D5D3B /* GDTMobInterstitial.h */,
				450CA1D3243593ED008D5D3B /* GDTRewardVideoAd.h */,
				450CA1D4243593ED008D5D3B /* GDTSplashAd.h */,
				450CA1D5243593ED008D5D3B /* GDTNativeExpressAd.h */,
				450CA1D6243593ED008D5D3B /* GDTLogoView.h */,
				450CA1D7243593ED008D5D3B /* GDTMediaView.h */,
				450CA1D8243593ED008D5D3B /* GDTUnifiedNativeAdView.h */,
				450CA1D9243593ED008D5D3B /* GDTHybridAd.h */,
				450CA1DA243593ED008D5D3B /* GDTUnifiedNativeAdDataObject.h */,
				450CA1DB243593ED008D5D3B /* GDTSDKDefines.h */,
				450CA1DC243593ED008D5D3B /* GDTUnifiedInterstitialAd.h */,
				450CA1DD243593ED008D5D3B /* libGDTMobSDK.a */,
				450CA1DE243593ED008D5D3B /* GDTRewardVideoAdNetworkConnectorProtocol.h */,
				450CA1DF243593ED008D5D3B /* GDTUnifiedNativeAd.h */,
				450CA1E0243593ED008D5D3B /* GDTVideoConfig.h */,
			);
			path = GDT_iOS_SDK_4.11.6;
			sourceTree = "<group>";
		};
		45A730191F4EBA610017BAC3 = {
			isa = PBXGroup;
			children = (
				45BA85981F4FF7550035A5E9 /* Libraries */,
				45A730241F4EBA610017BAC3 /* RNAdPoly */,
				45A730231F4EBA610017BAC3 /* Products */,
			);
			sourceTree = "<group>";
		};
		45A730231F4EBA610017BAC3 /* Products */ = {
			isa = PBXGroup;
			children = (
				45A730221F4EBA610017BAC3 /* libRNAdPoly.a */,
			);
			name = Products;
			sourceTree = "<group>";
		};
		45A730241F4EBA610017BAC3 /* RNAdPoly */ = {
			isa = PBXGroup;
			children = (
				45A730251F4EBA610017BAC3 /* RNAdPoly.h */,
				45A730261F4EBA610017BAC3 /* RNAdPoly.m */,
			);
			path = RNAdPoly;
			sourceTree = "<group>";
		};
		45BA85981F4FF7550035A5E9 /* Libraries */ = {
			isa = PBXGroup;
			children = (
				450CA1CA243593ED008D5D3B /* GDT_iOS_SDK_4.11.6 */,
			);
			path = Libraries;
			sourceTree = "<group>";
		};
/* End PBXGroup section */

/* Begin PBXNativeTarget section */
		45A730211F4EBA610017BAC3 /* RNAdPoly */ = {
			isa = PBXNativeTarget;
			buildConfigurationList = 45A7302B1F4EBA610017BAC3 /* Build configuration list for PBXNativeTarget "RNAdPoly" */;
			buildPhases = (
				45A7301E1F4EBA610017BAC3 /* Sources */,
				45A7301F1F4EBA610017BAC3 /* Frameworks */,
				45A730201F4EBA610017BAC3 /* CopyFiles */,
			);
			buildRules = (
			);
			dependencies = (
			);
			name = RNAdPoly;
			productName = RNAdPoly;
			productReference = 45A730221F4EBA610017BAC3 /* libRNAdPoly.a */;
			productType = "com.apple.product-type.library.static";
		};
/* End PBXNativeTarget section */

/* Begin PBXProject section */
		45A7301A1F4EBA610017BAC3 /* Project object */ = {
			isa = PBXProject;
			attributes = {
				LastUpgradeCheck = 0830;
				ORGANIZATIONNAME = dwwang;
				TargetAttributes = {
					45A730211F4EBA610017BAC3 = {
						CreatedOnToolsVersion = 8.3.3;
						ProvisioningStyle = Automatic;
					};
				};
			};
			buildConfigurationList = 45A7301D1F4EBA610017BAC3 /* Build configuration list for PBXProject "RNAdPoly" */;
			compatibilityVersion = "Xcode 3.2";
			developmentRegion = English;
			hasScannedForEncodings = 0;
			knownRegions = (
				English,
				en,
			);
			mainGroup = 45A730191F4EBA610017BAC3;
			productRefGroup = 45A730231F4EBA610017BAC3 /* Products */;
			projectDirPath = "";
			projectRoot = "";
			targets = (
				45A730211F4EBA610017BAC3 /* RNAdPoly */,
			);
		};
/* End PBXProject section */

/* Begin PBXSourcesBuildPhase section */
		45A7301E1F4EBA610017BAC3 /* Sources */ = {
			isa = PBXSourcesBuildPhase;
			buildActionMask = 2147483647;
			files = (
				45A730271F4EBA610017BAC3 /* RNAdPoly.m in Sources */,
			);
			runOnlyForDeploymentPostprocessing = 0;
		};
/* End PBXSourcesBuildPhase section */

/* Begin XCBuildConfiguration section */
		45A730291F4EBA610017BAC3 /* Debug */ = {
			isa = XCBuildConfiguration;
			buildSettings = {
				ALWAYS_SEARCH_USER_PATHS = NO;
				CLANG_ANALYZER_NONNULL = YES;
				CLANG_ANALYZER_NUMBER_OBJECT_CONVERSION = YES_AGGRESSIVE;
				CLANG_CXX_LANGUAGE_STANDARD = "gnu++0x";
				CLANG_CXX_LIBRARY = "libc++";
				CLANG_ENABLE_MODULES = YES;
				CLANG_ENABLE_OBJC_ARC = YES;
				CLANG_WARN_BOOL_CONVERSION = YES;
				CLANG_WARN_CONSTANT_CONVERSION = YES;
				CLANG_WARN_DIRECT_OBJC_ISA_USAGE = YES_ERROR;
				CLANG_WARN_DOCUMENTATION_COMMENTS = YES;
				CLANG_WARN_EMPTY_BODY = YES;
				CLANG_WARN_ENUM_CONVERSION = YES;
				CLANG_WARN_INFINITE_RECURSION = YES;
				CLANG_WARN_INT_CONVERSION = YES;
				CLANG_WARN_OBJC_ROOT_CLASS = YES_ERROR;
				CLANG_WARN_SUSPICIOUS_MOVE = YES;
				CLANG_WARN_UNREACHABLE_CODE = YES;
				CLANG_WARN__DUPLICATE_METHOD_MATCH = YES;
				"CODE_SIGN_IDENTITY[sdk=iphoneos*]" = "iPhone Developer";
				COPY_PHASE_STRIP = NO;
				DEBUG_INFORMATION_FORMAT = dwarf;
				ENABLE_STRICT_OBJC_MSGSEND = YES;
				ENABLE_TESTABILITY = YES;
				GCC_C_LANGUAGE_STANDARD = gnu99;
				GCC_DYNAMIC_NO_PIC = NO;
				GCC_NO_COMMON_BLOCKS = YES;
				GCC_OPTIMIZATION_LEVEL = 0;
				GCC_PREPROCESSOR_DEFINITIONS = (
					"DEBUG=1",
					"$(inherited)",
				);
				GCC_WARN_64_TO_32_BIT_CONVERSION = YES;
				GCC_WARN_ABOUT_RETURN_TYPE = YES_ERROR;
				GCC_WARN_UNDECLARED_SELECTOR = YES;
				GCC_WARN_UNINITIALIZED_AUTOS = YES_AGGRESSIVE;
				GCC_WARN_UNUSED_FUNCTION = YES;
				GCC_WARN_UNUSED_VARIABLE = YES;
				IPHONEOS_DEPLOYMENT_TARGET = 10.3;
				MTL_ENABLE_DEBUG_INFO = YES;
				ONLY_ACTIVE_ARCH = YES;
				SDKROOT = iphoneos;
			};
			name = Debug;
		};
		45A7302A1F4EBA610017BAC3 /* Release */ = {
			isa = XCBuildConfiguration;
			buildSettings = {
				ALWAYS_SEARCH_USER_PATHS = NO;
				CLANG_ANALYZER_NONNULL = YES;
				CLANG_ANALYZER_NUMBER_OBJECT_CONVERSION = YES_AGGRESSIVE;
				CLANG_CXX_LANGUAGE_STANDARD = "gnu++0x";
				CLANG_CXX_LIBRARY = "libc++";
				CLANG_ENABLE_MODULES = YES;
				CLANG_ENABLE_OBJC_ARC = YES;
				CLANG_WARN_BOOL_CONVERSION = YES;
				CLANG_WARN_CONSTANT_CONVERSION = YES;
				CLANG_WARN_DIRECT_OBJC_ISA_USAGE = YES_ERROR;
				CLANG_WARN_DOCUMENTATION_COMMENTS = YES;
				CLANG_WARN_EMPTY_BODY = YES;
				CLANG_WARN_ENUM_CONVERSION = YES;
				CLANG_WARN_INFINITE_RECURSION = YES;
				CLANG_WARN_INT_CONVERSION = YES;
				CLANG_WARN_OBJC_ROOT_CLASS = YES_ERROR;
				CLANG_WARN_SUSPICIOUS_MOVE = YES;
				CLANG_WARN_UNREACHABLE_CODE = YES;
				CLANG_WARN__DUPLICATE_METHOD_MATCH = YES;
				"CODE_SIGN_IDENTITY[sdk=iphoneos*]" = "iPhone Developer";
				COPY_PHASE_STRIP = NO;
				DEBUG_INFORMATION_FORMAT = "dwarf-with-dsym";
				ENABLE_NS_ASSERTIONS = NO;
				ENABLE_STRICT_OBJC_MSGSEND = YES;
				GCC_C_LANGUAGE_STANDARD = gnu99;
				GCC_NO_COMMON_BLOCKS = YES;
				GCC_WARN_64_TO_32_BIT_CONVERSION = YES;
				GCC_WARN_ABOUT_RETURN_TYPE = YES_ERROR;
				GCC_WARN_UNDECLARED_SELECTOR = YES;
				GCC_WARN_UNINITIALIZED_AUTOS = YES_AGGRESSIVE;
				GCC_WARN_UNUSED_FUNCTION = YES;
				GCC_WARN_UNUSED_VARIABLE = YES;
				IPHONEOS_DEPLOYMENT_TARGET = 10.3;
				MTL_ENABLE_DEBUG_INFO = NO;
				SDKROOT = iphoneos;
				VALIDATE_PRODUCT = YES;
			};
			name = Release;
		};
		45A7302C1F4EBA610017BAC3 /* Debug */ = {
			isa = XCBuildConfiguration;
			buildSettings = {
				FRAMEWORK_SEARCH_PATHS = (
					"$(inherited)",
					"$(PROJECT_DIR)/Libraries/BaiduMobAdSDK_v4.5/Frameworks",
				);
				HEADER_SEARCH_PATHS = (
					"$(SRCROOT)/../react-native/React/**",
					"$(SRCROOT)/node_moduels/react-native/React/**",
					"$(PROJECT_DIR)/../../../ios/Pods/Masonry",
				);
				LIBRARY_SEARCH_PATHS = (
					"$(inherited)",
					"$(PROJECT_DIR)/Libraries/GDT_iOS_SDK_v4.5.7",
					"$(PROJECT_DIR)/Libraries/GDT_iOS_SDK_4.8.1",
					"$(PROJECT_DIR)/Libraries/GDT_iOS_SDK_4.8.5",
					"$(PROJECT_DIR)/Libraries/GDT_iOS_SDK_4.11.6",
				);
				OTHER_LDFLAGS = "-ObjC";
				PRODUCT_NAME = "$(TARGET_NAME)";
				SKIP_INSTALL = YES;
			};
			name = Debug;
		};
		45A7302D1F4EBA610017BAC3 /* Release */ = {
			isa = XCBuildConfiguration;
			buildSettings = {
				FRAMEWORK_SEARCH_PATHS = (
					"$(inherited)",
					"$(PROJECT_DIR)/Libraries/BaiduMobAdSDK_v4.5/Frameworks",
				);
				HEADER_SEARCH_PATHS = (
					"$(SRCROOT)/../react-native/React/**",
					"$(SRCROOT)/node_moduels/react-native/React/**",
					"$(PROJECT_DIR)/../../../ios/Pods/Masonry",
				);
				LIBRARY_SEARCH_PATHS = (
					"$(inherited)",
					"$(PROJECT_DIR)/Libraries/GDT_iOS_SDK_v4.5.7",
					"$(PROJECT_DIR)/Libraries/GDT_iOS_SDK_4.8.1",
					"$(PROJECT_DIR)/Libraries/GDT_iOS_SDK_4.8.5",
					"$(PROJECT_DIR)/Libraries/GDT_iOS_SDK_4.11.6",
				);
				OTHER_LDFLAGS = "-ObjC";
				PRODUCT_NAME = "$(TARGET_NAME)";
				SKIP_INSTALL = YES;
			};
			name = Release;
		};
/* End XCBuildConfiguration section */

/* Begin XCConfigurationList section */
		45A7301D1F4EBA610017BAC3 /* Build configuration list for PBXProject "RNAdPoly" */ = {
			isa = XCConfigurationList;
			buildConfigurations = (
				45A730291F4EBA610017BAC3 /* Debug */,
				45A7302A1F4EBA610017BAC3 /* Release */,
			);
			defaultConfigurationIsVisible = 0;
			defaultConfigurationName = Release;
		};
		45A7302B1F4EBA610017BAC3 /* Build configuration list for PBXNativeTarget "RNAdPoly" */ = {
			isa = XCConfigurationList;
			buildConfigurations = (
				45A7302C1F4EBA610017BAC3 /* Debug */,
				45A7302D1F4EBA610017BAC3 /* Release */,
			);
			defaultConfigurationIsVisible = 0;
			defaultConfigurationName = Release;
		};
/* End XCConfigurationList section */
	};
	rootObject = 45A7301A1F4EBA610017BAC3 /* Project object */;
}
